// !$*UTF8*$!
{
	archiveVersion = 1;
	classes = {
	};
	objectVersion = 56;
	objects = {

/* Begin PBXBuildFile section */
		B918AEE92A3E670C003841BE /* LandmarksApp.swift in Sources */ = {isa = PBXBuildFile; fileRef = B918AEE82A3E670C003841BE /* LandmarksApp.swift */; };
		B918AEEB2A3E670C003841BE /* ContentView.swift in Sources */ = {isa = PBXBuildFile; fileRef = B918AEEA2A3E670C003841BE /* ContentView.swift */; };
		B918AEED2A3E670D003841BE /* Assets.xcassets in Resources */ = {isa = PBXBuildFile; fileRef = B918AEEC2A3E670D003841BE /* Assets.xcassets */; };
		B918AEF02A3E670D003841BE /* Preview Assets.xcassets in Resources */ = {isa = PBXBuildFile; fileRef = B918AEEF2A3E670D003841BE /* Preview Assets.xcassets */; };
		B918AEF72A3E70D2003841BE /* CircleImage.swift in Sources */ = {isa = PBXBuildFile; fileRef = B918AEF62A3E70D2003841BE /* CircleImage.swift */; };
		B918AEF92A3E71DE003841BE /* MapView.swift in Sources */ = {isa = PBXBuildFile; fileRef = B918AEF82A3E71DE003841BE /* MapView.swift */; };
		B918AEFB2A3E7DDA003841BE /* landmarkData.json in Resources */ = {isa = PBXBuildFile; fileRef = B918AEFA2A3E7DDA003841BE /* landmarkData.json */; };
		B918AEFD2A3E7DF4003841BE /* Landmark.swift in Sources */ = {isa = PBXBuildFile; fileRef = B918AEFC2A3E7DF4003841BE /* Landmark.swift */; };
		B918AEFF2A3E7FE9003841BE /* ModelData.swift in Sources */ = {isa = PBXBuildFile; fileRef = B918AEFE2A3E7FE9003841BE /* ModelData.swift */; };
		B918AF042A3E8245003841BE /* LandmarkRow.swift in Sources */ = {isa = PBXBuildFile; fileRef = B918AF032A3E8245003841BE /* LandmarkRow.swift */; };
		B918AF062A3E83F1003841BE /* LandmarkList.swift in Sources */ = {isa = PBXBuildFile; fileRef = B918AF052A3E83F1003841BE /* LandmarkList.swift */; };
		B918AF082A3E8529003841BE /* LandmarkDetail.swift in Sources */ = {isa = PBXBuildFile; fileRef = B918AF072A3E8529003841BE /* LandmarkDetail.swift */; };
		B918AF0A2A3E9A1B003841BE /* FavoriteButton.swift in Sources */ = {isa = PBXBuildFile; fileRef = B918AF092A3E9A1B003841BE /* FavoriteButton.swift */; };
/* End PBXBuildFile section */

/* Begin PBXFileReference section */
		B918AEE52A3E670C003841BE /* Landmarks.app */ = {isa = PBXFileReference; explicitFileType = wrapper.application; includeInIndex = 0; path = Landmarks.app; sourceTree = BUILT_PRODUCTS_DIR; };
		B918AEE82A3E670C003841BE /* LandmarksApp.swift */ = {isa = PBXFileReference; lastKnownFileType = sourcecode.swift; path = LandmarksApp.swift; sourceTree = "<group>"; };
		B918AEEA2A3E670C003841BE /* ContentView.swift */ = {isa = PBXFileReference; lastKnownFileType = sourcecode.swift; path = ContentView.swift; sourceTree = "<group>"; };
		B918AEEC2A3E670D003841BE /* Assets.xcassets */ = {isa = PBXFileReference; lastKnownFileType = folder.assetcatalog; path = Assets.xcassets; sourceTree = "<group>"; };
		B918AEEF2A3E670D003841BE /* Preview Assets.xcassets */ = {isa = PBXFileReference; lastKnownFileType = folder.assetcatalog; path = "Preview Assets.xcassets"; sourceTree = "<group>"; };
		B918AEF62A3E70D2003841BE /* CircleImage.swift */ = {isa = PBXFileReference; lastKnownFileType = sourcecode.swift; path = CircleImage.swift; sourceTree = "<group>"; };
		B918AEF82A3E71DE003841BE /* MapView.swift */ = {isa = PBXFileReference; lastKnownFileType = sourcecode.swift; path = MapView.swift; sourceTree = "<group>"; };
		B918AEFA2A3E7DDA003841BE /* landmarkData.json */ = {isa = PBXFileReference; fileEncoding = 4; lastKnownFileType = text.json; path = landmarkData.json; sourceTree = "<group>"; };
		B918AEFC2A3E7DF4003841BE /* Landmark.swift */ = {isa = PBXFileReference; lastKnownFileType = sourcecode.swift; path = Landmark.swift; sourceTree = "<group>"; };
		B918AEFE2A3E7FE9003841BE /* ModelData.swift */ = {isa = PBXFileReference; lastKnownFileType = sourcecode.swift; path = ModelData.swift; sourceTree = "<group>"; };
		B918AF032A3E8245003841BE /* LandmarkRow.swift */ = {isa = PBXFileReference; lastKnownFileType = sourcecode.swift; path = LandmarkRow.swift; sourceTree = "<group>"; };
		B918AF052A3E83F1003841BE /* LandmarkList.swift */ = {isa = PBXFileReference; lastKnownFileType = sourcecode.swift; path = LandmarkList.swift; sourceTree = "<group>"; };
		B918AF072A3E8529003841BE /* LandmarkDetail.swift */ = {isa = PBXFileReference; lastKnownFileType = sourcecode.swift; path = LandmarkDetail.swift; sourceTree = "<group>"; };
		B918AF092A3E9A1B003841BE /* FavoriteButton.swift */ = {isa = PBXFileReference; lastKnownFileType = sourcecode.swift; path = FavoriteButton.swift; sourceTree = "<group>"; };
/* End PBXFileReference section */

/* Begin PBXFrameworksBuildPhase section */
		B918AEE22A3E670C003841BE /* Frameworks */ = {
			isa = PBXFrameworksBuildPhase;
			buildActionMask = 2147483647;
			files = (
			);
			runOnlyForDeploymentPostprocessing = 0;
		};
/* End PBXFrameworksBuildPhase section */

/* Begin PBXGroup section */
		B918AEDC2A3E670C003841BE = {
			isa = PBXGroup;
			children = (
				B918AEE72A3E670C003841BE /* Landmarks */,
				B918AEE62A3E670C003841BE /* Products */,
			);
			sourceTree = "<group>";
		};
		B918AEE62A3E670C003841BE /* Products */ = {
			isa = PBXGroup;
			children = (
				B918AEE52A3E670C003841BE /* Landmarks.app */,
			);
			name = Products;
			sourceTree = "<group>";
		};
		B918AEE72A3E670C003841BE /* Landmarks */ = {
			isa = PBXGroup;
			children = (
				B918AEE82A3E670C003841BE /* LandmarksApp.swift */,
				B918AF012A3E81B4003841BE /* Model */,
				B918AEEC2A3E670D003841BE /* Assets.xcassets */,
				B918AF022A3E81C9003841BE /* Resources */,
				B918AF002A3E8188003841BE /* Views */,
				B918AEEE2A3E670D003841BE /* Preview Content */,
			);
			path = Landmarks;
			sourceTree = "<group>";
		};
		B918AEEE2A3E670D003841BE /* Preview Content */ = {
			isa = PBXGroup;
			children = (
				B918AEEF2A3E670D003841BE /* Preview Assets.xcassets */,
			);
			path = "Preview Content";
			sourceTree = "<group>";
		};
		B918AF002A3E8188003841BE /* Views */ = {
			isa = PBXGroup;
			children = (
				B918AF0B2A3E9AFC003841BE /* Helpers */,
				B918AEEA2A3E670C003841BE /* ContentView.swift */,
				B918AF0C2A3E9B0B003841BE /* Landmarks */,
			);
			path = Views;
			sourceTree = "<group>";
		};
		B918AF012A3E81B4003841BE /* Model */ = {
			isa = PBXGroup;
			children = (
				B918AEFC2A3E7DF4003841BE /* Landmark.swift */,
				B918AEFE2A3E7FE9003841BE /* ModelData.swift */,
			);
			path = Model;
			sourceTree = "<group>";
		};
		B918AF022A3E81C9003841BE /* Resources */ = {
			isa = PBXGroup;
			children = (
				B918AEFA2A3E7DDA003841BE /* landmarkData.json */,
			);
			path = Resources;
			sourceTree = "<group>";
		};
		B918AF0B2A3E9AFC003841BE /* Helpers */ = {
			isa = PBXGroup;
			children = (
				B918AEF62A3E70D2003841BE /* CircleImage.swift */,
				B918AEF82A3E71DE003841BE /* MapView.swift */,
				B918AF092A3E9A1B003841BE /* FavoriteButton.swift */,
			);
			path = Helpers;
			sourceTree = "<group>";
		};
		B918AF0C2A3E9B0B003841BE /* Landmarks */ = {
			isa = PBXGroup;
			children = (
				B918AF032A3E8245003841BE /* LandmarkRow.swift */,
				B918AF052A3E83F1003841BE /* LandmarkList.swift */,
				B918AF072A3E8529003841BE /* LandmarkDetail.swift */,
			);
			path = Landmarks;
			sourceTree = "<group>";
		};
/* End PBXGroup section */

/* Begin PBXNativeTarget section */
		B918AEE42A3E670C003841BE /* Landmarks */ = {
			isa = PBXNativeTarget;
			buildConfigurationList = B918AEF32A3E670D003841BE /* Build configuration list for PBXNativeTarget "Landmarks" */;
			buildPhases = (
				B918AEE12A3E670C003841BE /* Sources */,
				B918AEE22A3E670C003841BE /* Frameworks */,
				B918AEE32A3E670C003841BE /* Resources */,
			);
			buildRules = (
			);
			dependencies = (
			);
			name = Landmarks;
			productName = Landmarks;
			productReference = B918AEE52A3E670C003841BE /* Landmarks.app */;
			productType = "com.apple.product-type.application";
		};
/* End PBXNativeTarget section */

/* Begin PBXProject section */
		B918AEDD2A3E670C003841BE /* Project object */ = {
			isa = PBXProject;
			attributes = {
				BuildIndependentTargetsInParallel = 1;
				LastSwiftUpdateCheck = 1430;
				LastUpgradeCheck = 1430;
				TargetAttributes = {
					B918AEE42A3E670C003841BE = {
						CreatedOnToolsVersion = 14.3.1;
					};
				};
			};
			buildConfigurationList = B918AEE02A3E670C003841BE /* Build configuration list for PBXProject "Landmarks" */;
			compatibilityVersion = "Xcode 14.0";
			developmentRegion = en;
			hasScannedForEncodings = 0;
			knownRegions = (
				en,
				Base,
			);
			mainGroup = B918AEDC2A3E670C003841BE;
			productRefGroup = B918AEE62A3E670C003841BE /* Products */;
			projectDirPath = "";
			projectRoot = "";
			targets = (
				B918AEE42A3E670C003841BE /* Landmarks */,
			);
		};
/* End PBXProject section */

/* Begin PBXResourcesBuildPhase section */
		B918AEE32A3E670C003841BE /* Resources */ = {
			isa = PBXResourcesBuildPhase;
			buildActionMask = 2147483647;
			files = (
				B918AEF02A3E670D003841BE /* Preview Assets.xcassets in Resources */,
				B918AEED2A3E670D003841BE /* Assets.xcassets in Resources */,
				B918AEFB2A3E7DDA003841BE /* landmarkData.json in Resources */,
			);
			runOnlyForDeploymentPostprocessing = 0;
		};
/* End PBXResourcesBuildPhase section */

/* Begin PBXSourcesBuildPhase section */
		B918AEE12A3E670C003841BE /* Sources */ = {
			isa = PBXSourcesBuildPhase;
			buildActionMask = 2147483647;
			files = (
				B918AEEB2A3E670C003841BE /* ContentView.swift in Sources */,
				B918AEF92A3E71DE003841BE /* MapView.swift in Sources */,
				B918AEE92A3E670C003841BE /* LandmarksApp.swift in Sources */,
				B918AF0A2A3E9A1B003841BE /* FavoriteButton.swift in Sources */,
				B918AF062A3E83F1003841BE /* LandmarkList.swift in Sources */,
				B918AF082A3E8529003841BE /* LandmarkDetail.swift in Sources */,
				B918AEF72A3E70D2003841BE /* CircleImage.swift in Sources */,
				B918AEFD2A3E7DF4003841BE /* Landmark.swift in Sources */,
				B918AF042A3E8245003841BE /* LandmarkRow.swift in Sources */,
				B918AEFF2A3E7FE9003841BE /* ModelData.swift in Sources */,
			);
			runOnlyForDeploymentPostprocessing = 0;
		};
/* End PBXSourcesBuildPhase section */

/* Begin XCBuildConfiguration section */
		B918AEF12A3E670D003841BE /* Debug */ = {
			isa = XCBuildConfiguration;
			buildSettings = {
				ALWAYS_SEARCH_USER_PATHS = NO;
				CLANG_ANALYZER_NONNULL = YES;
				CLANG_ANALYZER_NUMBER_OBJECT_CONVERSION = YES_AGGRESSIVE;
				CLANG_CXX_LANGUAGE_STANDARD = "gnu++20";
				CLANG_ENABLE_MODULES = YES;
				CLANG_ENABLE_OBJC_ARC = YES;
				CLANG_ENABLE_OBJC_WEAK = YES;
				CLANG_WARN_BLOCK_CAPTURE_AUTORELEASING = YES;
				CLANG_WARN_BOOL_CONVERSION = YES;
				CLANG_WARN_COMMA = YES;
				CLANG_WARN_CONSTANT_CONVERSION = YES;
				CLANG_WARN_DEPRECATED_OBJC_IMPLEMENTATIONS = YES;
				CLANG_WARN_DIRECT_OBJC_ISA_USAGE = YES_ERROR;
				CLANG_WARN_DOCUMENTATION_COMMENTS = YES;
				CLANG_WARN_EMPTY_BODY = YES;
				CLANG_WARN_ENUM_CONVERSION = YES;
				CLANG_WARN_INFINITE_RECURSION = YES;
				CLANG_WARN_INT_CONVERSION = YES;
				CLANG_WARN_NON_LITERAL_NULL_CONVERSION = YES;
				CLANG_WARN_OBJC_IMPLICIT_RETAIN_SELF = YES;
				CLANG_WARN_OBJC_LITERAL_CONVERSION = YES;
				CLANG_WARN_OBJC_ROOT_CLASS = YES_ERROR;
				CLANG_WARN_QUOTED_INCLUDE_IN_FRAMEWORK_HEADER = YES;
				CLANG_WARN_RANGE_LOOP_ANALYSIS = YES;
				CLANG_WARN_STRICT_PROTOTYPES = YES;
				CLANG_WARN_SUSPICIOUS_MOVE = YES;
				CLANG_WARN_UNGUARDED_AVAILABILITY = YES_AGGRESSIVE;
				CLANG_WARN_UNREACHABLE_CODE = YES;
				CLANG_WARN__DUPLICATE_METHOD_MATCH = YES;
				COPY_PHASE_STRIP = NO;
				DEBUG_INFORMATION_FORMAT = dwarf;
				ENABLE_STRICT_OBJC_MSGSEND = YES;
				ENABLE_TESTABILITY = YES;
				GCC_C_LANGUAGE_STANDARD = gnu11;
				GCC_DYNAMIC_NO_PIC = NO;
				GCC_NO_COMMON_BLOCKS = YES;
				GCC_OPTIMIZATION_LEVEL = 0;
				GCC_PREPROCESSOR_DEFINITIONS = (
					"DEBUG=1",
					"$(inherited)",
				);
				GCC_WARN_64_TO_32_BIT_CONVERSION = YES;
				GCC_WARN_ABOUT_RETURN_TYPE = YES_ERROR;
				GCC_WARN_UNDECLARED_SELECTOR = YES;
				GCC_WARN_UNINITIALIZED_AUTOS = YES_AGGRESSIVE;
				GCC_WARN_UNUSED_FUNCTION = YES;
				GCC_WARN_UNUSED_VARIABLE = YES;
				IPHONEOS_DEPLOYMENT_TARGET = 16.4;
				MTL_ENABLE_DEBUG_INFO = INCLUDE_SOURCE;
				MTL_FAST_MATH = YES;
				ONLY_ACTIVE_ARCH = YES;
				SDKROOT = iphoneos;
				SWIFT_ACTIVE_COMPILATION_CONDITIONS = DEBUG;
				SWIFT_OPTIMIZATION_LEVEL = "-Onone";
			};
			name = Debug;
		};
		B918AEF22A3E670D003841BE /* Release */ = {
			isa = XCBuildConfiguration;
			buildSettings = {
				ALWAYS_SEARCH_USER_PATHS = NO;
				CLANG_ANALYZER_NONNULL = YES;
				CLANG_ANALYZER_NUMBER_OBJECT_CONVERSION = YES_AGGRESSIVE;
				CLANG_CXX_LANGUAGE_STANDARD = "gnu++20";
				CLANG_ENABLE_MODULES = YES;
				CLANG_ENABLE_OBJC_ARC = YES;
				CLANG_ENABLE_OBJC_WEAK = YES;
				CLANG_WARN_BLOCK_CAPTURE_AUTORELEASING = YES;
				CLANG_WARN_BOOL_CONVERSION = YES;
				CLANG_WARN_COMMA = YES;
				CLANG_WARN_CONSTANT_CONVERSION = YES;
				CLANG_WARN_DEPRECATED_OBJC_IMPLEMENTATIONS = YES;
				CLANG_WARN_DIRECT_OBJC_ISA_USAGE = YES_ERROR;
				CLANG_WARN_DOCUMENTATION_COMMENTS = YES;
				CLANG_WARN_EMPTY_BODY = YES;
				CLANG_WARN_ENUM_CONVERSION = YES;
				CLANG_WARN_INFINITE_RECURSION = YES;
				CLANG_WARN_INT_CONVERSION = YES;
				CLANG_WARN_NON_LITERAL_NULL_CONVERSION = YES;
				CLANG_WARN_OBJC_IMPLICIT_RETAIN_SELF = YES;
				CLANG_WARN_OBJC_LITERAL_CONVERSION = YES;
				CLANG_WARN_OBJC_ROOT_CLASS = YES_ERROR;
				CLANG_WARN_QUOTED_INCLUDE_IN_FRAMEWORK_HEADER = YES;
				CLANG_WARN_RANGE_LOOP_ANALYSIS = YES;
				CLANG_WARN_STRICT_PROTOTYPES = YES;
				CLANG_WARN_SUSPICIOUS_MOVE = YES;
				CLANG_WARN_UNGUARDED_AVAILABILITY = YES_AGGRESSIVE;
				CLANG_WARN_UNREACHABLE_CODE = YES;
				CLANG_WARN__DUPLICATE_METHOD_MATCH = YES;
				COPY_PHASE_STRIP = NO;
				DEBUG_INFORMATION_FORMAT = "dwarf-with-dsym";
				ENABLE_NS_ASSERTIONS = NO;
				ENABLE_STRICT_OBJC_MSGSEND = YES;
				GCC_C_LANGUAGE_STANDARD = gnu11;
				GCC_NO_COMMON_BLOCKS = YES;
				GCC_WARN_64_TO_32_BIT_CONVERSION = YES;
				GCC_WARN_ABOUT_RETURN_TYPE = YES_ERROR;
				GCC_WARN_UNDECLARED_SELECTOR = YES;
				GCC_WARN_UNINITIALIZED_AUTOS = YES_AGGRESSIVE;
				GCC_WARN_UNUSED_FUNCTION = YES;
				GCC_WARN_UNUSED_VARIABLE = YES;
				IPHONEOS_DEPLOYMENT_TARGET = 16.4;
				MTL_ENABLE_DEBUG_INFO = NO;
				MTL_FAST_MATH = YES;
				SDKROOT = iphoneos;
				SWIFT_COMPILATION_MODE = wholemodule;
				SWIFT_OPTIMIZATION_LEVEL = "-O";
				VALIDATE_PRODUCT = YES;
			};
			name = Release;
		};
		B918AEF42A3E670D003841BE /* Debug */ = {
			isa = XCBuildConfiguration;
			buildSettings = {
				ASSETCATALOG_COMPILER_APPICON_NAME = AppIcon;
				ASSETCATALOG_COMPILER_GLOBAL_ACCENT_COLOR_NAME = AccentColor;
				CODE_SIGN_STYLE = Automatic;
				CURRENT_PROJECT_VERSION = 1;
				DEVELOPMENT_ASSET_PATHS = "\"Landmarks/Preview Content\"";
				ENABLE_PREVIEWS = YES;
				GENERATE_INFOPLIST_FILE = YES;
				INFOPLIST_KEY_UIApplicationSceneManifest_Generation = YES;
				INFOPLIST_KEY_UIApplicationSupportsIndirectInputEvents = YES;
				INFOPLIST_KEY_UILaunchScreen_Generation = YES;
				INFOPLIST_KEY_UISupportedInterfaceOrientations_iPad = "UIInterfaceOrientationPortrait UIInterfaceOrientationPortraitUpsideDown UIInterfaceOrientationLandscapeLeft UIInterfaceOrientationLandscapeRight";
				INFOPLIST_KEY_UISupportedInterfaceOrientations_iPhone = "UIInterfaceOrientationPortrait UIInterfaceOrientationLandscapeLeft UIInterfaceOrientationLandscapeRight";
				LD_RUNPATH_SEARCH_PATHS = (
					"$(inherited)",
					"@executable_path/Frameworks",
				);
				MARKETING_VERSION = 1.0;
				PRODUCT_BUNDLE_IDENTIFIER = ca.michaelpierce.Landmarks;
				PRODUCT_NAME = "$(TARGET_NAME)";
				SWIFT_EMIT_LOC_STRINGS = YES;
				SWIFT_VERSION = 5.0;
				TARGETED_DEVICE_FAMILY = "1,2";
			};
			name = Debug;
		};
		B918AEF52A3E670D003841BE /* Release */ = {
			isa = XCBuildConfiguration;
			buildSettings = {
				ASSETCATALOG_COMPILER_APPICON_NAME = AppIcon;
				ASSETCATALOG_COMPILER_GLOBAL_ACCENT_COLOR_NAME = AccentColor;
				CODE_SIGN_STYLE = Automatic;
				CURRENT_PROJECT_VERSION = 1;
				DEVELOPMENT_ASSET_PATHS = "\"Landmarks/Preview Content\"";
				ENABLE_PREVIEWS = YES;
				GENERATE_INFOPLIST_FILE = YES;
				INFOPLIST_KEY_UIApplicationSceneManifest_Generation = YES;
				INFOPLIST_KEY_UIApplicationSupportsIndirectInputEvents = YES;
				INFOPLIST_KEY_UILaunchScreen_Generation = YES;
				INFOPLIST_KEY_UISupportedInterfaceOrientations_iPad = "UIInterfaceOrientationPortrait UIInterfaceOrientationPortraitUpsideDown UIInterfaceOrientationLandscapeLeft UIInterfaceOrientationLandscapeRight";
				INFOPLIST_KEY_UISupportedInterfaceOrientations_iPhone = "UIInterfaceOrientationPortrait UIInterfaceOrientationLandscapeLeft UIInterfaceOrientationLandscapeRight";
				LD_RUNPATH_SEARCH_PATHS = (
					"$(inherited)",
					"@executable_path/Frameworks",
				);
				MARKETING_VERSION = 1.0;
				PRODUCT_BUNDLE_IDENTIFIER = ca.michaelpierce.Landmarks;
				PRODUCT_NAME = "$(TARGET_NAME)";
				SWIFT_EMIT_LOC_STRINGS = YES;
				SWIFT_VERSION = 5.0;
				TARGETED_DEVICE_FAMILY = "1,2";
			};
			name = Release;
		};
/* End XCBuildConfiguration section */

/* Begin XCConfigurationList section */
		B918AEE02A3E670C003841BE /* Build configuration list for PBXProject "Landmarks" */ = {
			isa = XCConfigurationList;
			buildConfigurations = (
				B918AEF12A3E670D003841BE /* Debug */,
				B918AEF22A3E670D003841BE /* Release */,
			);
			defaultConfigurationIsVisible = 0;
			defaultConfigurationName = Release;
		};
		B918AEF32A3E670D003841BE /* Build configuration list for PBXNativeTarget "Landmarks" */ = {
			isa = XCConfigurationList;
			buildConfigurations = (
				B918AEF42A3E670D003841BE /* Debug */,
				B918AEF52A3E670D003841BE /* Release */,
			);
			defaultConfigurationIsVisible = 0;
			defaultConfigurationName = Release;
		};
/* End XCConfigurationList section */
	};
	rootObject = B918AEDD2A3E670C003841BE /* Project object */;
}
